
Microsoft Visual Studio Solution File, Format Version 12.00
# Visual Studio Version 17
VisualStudioVersion = 17.9.34701.34
MinimumVisualStudioVersion = 10.0.40219.1
Project("{FAE04EC0-301F-11D3-BF4B-00C04F79EFBC}") = "Pmenu", "Pmenu\Pmenu.csproj", "{A639ADEC-6C88-40D2-9545-FDB46677D8F9}"
EndProject
Global
	GlobalSection(SolutionConfigurationPlatforms) = preSolution
		Debug|Any CPU = Debug|Any CPU
		Release|Any CPU = Release|Any CPU
	EndGlobalSection
	GlobalSection(ProjectConfigurationPlatforms) = postSolution
		{A639ADEC-6C88-40D2-9545-FDB46677D8F9}.Debug|Any CPU.ActiveCfg = Debug|Any CPU
		{A639ADEC-6C88-40D2-9545-FDB46677D8F9}.Debug|Any CPU.Build.0 = Debug|Any CPU
		{A639ADEC-6C88-40D2-9545-FDB46677D8F9}.Release|Any CPU.ActiveCfg = Release|Any CPU
		{A639ADEC-6C88-40D2-9545-FDB46677D8F9}.Release|Any CPU.Build.0 = Release|Any CPU
	EndGlobalSection
	GlobalSection(SolutionProperties) = preSolution
		HideSolutionNode = FALSE
	EndGlobalSection
	GlobalSection(ExtensibilityGlobals) = postSolution
		SolutionGuid = {545EEE3B-4A38-41E7-99BC-1016D3A77631}
	EndGlobalSection
EndGlobal
